<Solution>
  <Project Path="Auth.Api/Auth.Api.csproj" Id="7e9425b3-5de4-4e58-a3e7-2710b8fc5c52" />
  <Project Path="Client.App/Client.App.csproj" Id="8209f658-a822-411f-9684-cf9fd8d477b9" />
  <Project Path="FinanceApp/FinanceApp.csproj" />
  <Project Path="Item.Api/Item.Api.csproj" Id="b3f90c99-0192-468a-9708-31529b71e9ac" />
</Solution>
